// !$*UTF8*$!
{
	archiveVersion = 1;
	classes = {
	};
	objectVersion = 51;
	objects = {

/* Begin PBXBuildFile section */
		18D594C913FAA5536902AF12 /* Pods_Teal_Dream.framework in Frameworks */ = {isa = PBXBuildFile; fileRef = A615E11BB12C3722776BBE0C /* Pods_Teal_Dream.framework */; };
		B9DD9965258FAC8E004539E5 /* AppDelegate.swift in Sources */ = {isa = PBXBuildFile; fileRef = B9DD9964258FAC8E004539E5 /* AppDelegate.swift */; };
		B9DD9967258FAC8E004539E5 /* SceneDelegate.swift in Sources */ = {isa = PBXBuildFile; fileRef = B9DD9966258FAC8E004539E5 /* SceneDelegate.swift */; };
		B9DD9969258FAC8E004539E5 /* ViewController.swift in Sources */ = {isa = PBXBuildFile; fileRef = B9DD9968258FAC8E004539E5 /* ViewController.swift */; };
		B9DD996C258FAC8E004539E5 /* Main.storyboard in Resources */ = {isa = PBXBuildFile; fileRef = B9DD996A258FAC8E004539E5 /* Main.storyboard */; };
		B9DD996E258FAC8F004539E5 /* Assets.xcassets in Resources */ = {isa = PBXBuildFile; fileRef = B9DD996D258FAC8F004539E5 /* Assets.xcassets */; };
		B9DD9971258FAC8F004539E5 /* LaunchScreen.storyboard in Resources */ = {isa = PBXBuildFile; fileRef = B9DD996F258FAC8F004539E5 /* LaunchScreen.storyboard */; };
		B9DD9982258FAD45004539E5 /* TealUser.swift in Sources */ = {isa = PBXBuildFile; fileRef = B9DD9981258FAD45004539E5 /* TealUser.swift */; };
		B9DD9987258FAE85004539E5 /* GoogleService-Info.plist in Resources */ = {isa = PBXBuildFile; fileRef = B9DD9986258FAE85004539E5 /* GoogleService-Info.plist */; };
		B9DD998E258FB0F6004539E5 /* TealUserController.swift in Sources */ = {isa = PBXBuildFile; fileRef = B9DD998D258FB0F6004539E5 /* TealUserController.swift */; };
/* End PBXBuildFile section */

/* Begin PBXFileReference section */
		110EB55F0D33F60FA5C76245 /* Pods-Teal Dream.debug.xcconfig */ = {isa = PBXFileReference; includeInIndex = 1; lastKnownFileType = text.xcconfig; name = "Pods-Teal Dream.debug.xcconfig"; path = "Target Support Files/Pods-Teal Dream/Pods-Teal Dream.debug.xcconfig"; sourceTree = "<group>"; };
		2B844A39C3CA4F4927D332DB /* Pods-Teal Dream.release.xcconfig */ = {isa = PBXFileReference; includeInIndex = 1; lastKnownFileType = text.xcconfig; name = "Pods-Teal Dream.release.xcconfig"; path = "Target Support Files/Pods-Teal Dream/Pods-Teal Dream.release.xcconfig"; sourceTree = "<group>"; };
		A615E11BB12C3722776BBE0C /* Pods_Teal_Dream.framework */ = {isa = PBXFileReference; explicitFileType = wrapper.framework; includeInIndex = 0; path = Pods_Teal_Dream.framework; sourceTree = BUILT_PRODUCTS_DIR; };
		B9DD9961258FAC8E004539E5 /* Teal Dream.app */ = {isa = PBXFileReference; explicitFileType = wrapper.application; includeInIndex = 0; path = "Teal Dream.app"; sourceTree = BUILT_PRODUCTS_DIR; };
		B9DD9964258FAC8E004539E5 /* AppDelegate.swift */ = {isa = PBXFileReference; lastKnownFileType = sourcecode.swift; path = AppDelegate.swift; sourceTree = "<group>"; };
		B9DD9966258FAC8E004539E5 /* SceneDelegate.swift */ = {isa = PBXFileReference; lastKnownFileType = sourcecode.swift; path = SceneDelegate.swift; sourceTree = "<group>"; };
		B9DD9968258FAC8E004539E5 /* ViewController.swift */ = {isa = PBXFileReference; lastKnownFileType = sourcecode.swift; path = ViewController.swift; sourceTree = "<group>"; };
		B9DD996B258FAC8E004539E5 /* Base */ = {isa = PBXFileReference; lastKnownFileType = file.storyboard; name = Base; path = Base.lproj/Main.storyboard; sourceTree = "<group>"; };
		B9DD996D258FAC8F004539E5 /* Assets.xcassets */ = {isa = PBXFileReference; lastKnownFileType = folder.assetcatalog; path = Assets.xcassets; sourceTree = "<group>"; };
		B9DD9970258FAC8F004539E5 /* Base */ = {isa = PBXFileReference; lastKnownFileType = file.storyboard; name = Base; path = Base.lproj/LaunchScreen.storyboard; sourceTree = "<group>"; };
		B9DD9972258FAC8F004539E5 /* Info.plist */ = {isa = PBXFileReference; lastKnownFileType = text.plist.xml; path = Info.plist; sourceTree = "<group>"; };
		B9DD9981258FAD45004539E5 /* TealUser.swift */ = {isa = PBXFileReference; lastKnownFileType = sourcecode.swift; path = TealUser.swift; sourceTree = "<group>"; };
		B9DD9986258FAE85004539E5 /* GoogleService-Info.plist */ = {isa = PBXFileReference; fileEncoding = 4; lastKnownFileType = text.plist.xml; path = "GoogleService-Info.plist"; sourceTree = "<group>"; };
		B9DD998D258FB0F6004539E5 /* TealUserController.swift */ = {isa = PBXFileReference; lastKnownFileType = sourcecode.swift; path = TealUserController.swift; sourceTree = "<group>"; };
/* End PBXFileReference section */

/* Begin PBXFrameworksBuildPhase section */
		B9DD995E258FAC8E004539E5 /* Frameworks */ = {
			isa = PBXFrameworksBuildPhase;
			buildActionMask = 2147483647;
			files = (
				18D594C913FAA5536902AF12 /* Pods_Teal_Dream.framework in Frameworks */,
			);
			runOnlyForDeploymentPostprocessing = 0;
		};
/* End PBXFrameworksBuildPhase section */

/* Begin PBXGroup section */
		5DF4956E193788102BD9C8C7 /* Pods */ = {
			isa = PBXGroup;
			children = (
				110EB55F0D33F60FA5C76245 /* Pods-Teal Dream.debug.xcconfig */,
				2B844A39C3CA4F4927D332DB /* Pods-Teal Dream.release.xcconfig */,
			);
			path = Pods;
			sourceTree = "<group>";
		};
		A2D975CF0A93C78741366A91 /* Frameworks */ = {
			isa = PBXGroup;
			children = (
				A615E11BB12C3722776BBE0C /* Pods_Teal_Dream.framework */,
			);
			name = Frameworks;
			sourceTree = "<group>";
		};
		B9DD9958258FAC8E004539E5 = {
			isa = PBXGroup;
			children = (
				B9DD9963258FAC8E004539E5 /* Teal Dream */,
				B9DD9962258FAC8E004539E5 /* Products */,
				5DF4956E193788102BD9C8C7 /* Pods */,
				A2D975CF0A93C78741366A91 /* Frameworks */,
			);
			sourceTree = "<group>";
		};
		B9DD9962258FAC8E004539E5 /* Products */ = {
			isa = PBXGroup;
			children = (
				B9DD9961258FAC8E004539E5 /* Teal Dream.app */,
			);
			name = Products;
			sourceTree = "<group>";
		};
		B9DD9963258FAC8E004539E5 /* Teal Dream */ = {
			isa = PBXGroup;
			children = (
				B9DD9979258FACBD004539E5 /* Application */,
				B9DD997F258FAD11004539E5 /* Model */,
				B9DD997D258FACCC004539E5 /* View */,
				B9DD998B258FB0B7004539E5 /* Controller */,
			);
			path = "Teal Dream";
			sourceTree = "<group>";
		};
		B9DD9979258FACBD004539E5 /* Application */ = {
			isa = PBXGroup;
			children = (
				B9DD9986258FAE85004539E5 /* GoogleService-Info.plist */,
				B9DD9964258FAC8E004539E5 /* AppDelegate.swift */,
				B9DD9966258FAC8E004539E5 /* SceneDelegate.swift */,
				B9DD996D258FAC8F004539E5 /* Assets.xcassets */,
				B9DD9972258FAC8F004539E5 /* Info.plist */,
			);
			path = Application;
			sourceTree = "<group>";
		};
		B9DD997B258FACC4004539E5 /* View Controllers */ = {
			isa = PBXGroup;
			children = (
				B9DD9968258FAC8E004539E5 /* ViewController.swift */,
			);
			path = "View Controllers";
			sourceTree = "<group>";
		};
		B9DD997D258FACCC004539E5 /* View */ = {
			isa = PBXGroup;
			children = (
				B9DD996A258FAC8E004539E5 /* Main.storyboard */,
				B9DD996F258FAC8F004539E5 /* LaunchScreen.storyboard */,
			);
			path = View;
			sourceTree = "<group>";
		};
		B9DD997F258FAD11004539E5 /* Model */ = {
			isa = PBXGroup;
			children = (
				B9DD9981258FAD45004539E5 /* TealUser.swift */,
			);
			path = Model;
			sourceTree = "<group>";
		};
		B9DD998B258FB0B7004539E5 /* Controller */ = {
			isa = PBXGroup;
			children = (
				B9DD998C258FB0BD004539E5 /* Model Controllers */,
				B9DD997B258FACC4004539E5 /* View Controllers */,
			);
			path = Controller;
			sourceTree = "<group>";
		};
		B9DD998C258FB0BD004539E5 /* Model Controllers */ = {
			isa = PBXGroup;
			children = (
				B9DD998D258FB0F6004539E5 /* TealUserController.swift */,
			);
			path = "Model Controllers";
			sourceTree = "<group>";
		};
/* End PBXGroup section */

/* Begin PBXNativeTarget section */
		B9DD9960258FAC8E004539E5 /* Teal Dream */ = {
			isa = PBXNativeTarget;
			buildConfigurationList = B9DD9975258FAC8F004539E5 /* Build configuration list for PBXNativeTarget "Teal Dream" */;
			buildPhases = (
				845CB770B0C669F4F0F26B62 /* [CP] Check Pods Manifest.lock */,
				B9DD995D258FAC8E004539E5 /* Sources */,
				B9DD995E258FAC8E004539E5 /* Frameworks */,
				B9DD995F258FAC8E004539E5 /* Resources */,
				0936C73DDC349654E18E18CE /* [CP] Embed Pods Frameworks */,
			);
			buildRules = (
			);
			dependencies = (
			);
			name = "Teal Dream";
			productName = "Teal Dream";
			productReference = B9DD9961258FAC8E004539E5 /* Teal Dream.app */;
			productType = "com.apple.product-type.application";
		};
/* End PBXNativeTarget section */

/* Begin PBXProject section */
		B9DD9959258FAC8E004539E5 /* Project object */ = {
			isa = PBXProject;
			attributes = {
				LastSwiftUpdateCheck = 1210;
				LastUpgradeCheck = 1210;
				TargetAttributes = {
					B9DD9960258FAC8E004539E5 = {
						CreatedOnToolsVersion = 12.1;
					};
				};
			};
			buildConfigurationList = B9DD995C258FAC8E004539E5 /* Build configuration list for PBXProject "Teal Dream" */;
			compatibilityVersion = "Xcode 9.3";
			developmentRegion = en;
			hasScannedForEncodings = 0;
			knownRegions = (
				en,
				Base,
			);
			mainGroup = B9DD9958258FAC8E004539E5;
			productRefGroup = B9DD9962258FAC8E004539E5 /* Products */;
			projectDirPath = "";
			projectRoot = "";
			targets = (
				B9DD9960258FAC8E004539E5 /* Teal Dream */,
			);
		};
/* End PBXProject section */

/* Begin PBXResourcesBuildPhase section */
		B9DD995F258FAC8E004539E5 /* Resources */ = {
			isa = PBXResourcesBuildPhase;
			buildActionMask = 2147483647;
			files = (
				B9DD9971258FAC8F004539E5 /* LaunchScreen.storyboard in Resources */,
				B9DD9987258FAE85004539E5 /* GoogleService-Info.plist in Resources */,
				B9DD996E258FAC8F004539E5 /* Assets.xcassets in Resources */,
				B9DD996C258FAC8E004539E5 /* Main.storyboard in Resources */,
			);
			runOnlyForDeploymentPostprocessing = 0;
		};
/* End PBXResourcesBuildPhase section */

/* Begin PBXShellScriptBuildPhase section */
		0936C73DDC349654E18E18CE /* [CP] Embed Pods Frameworks */ = {
			isa = PBXShellScriptBuildPhase;
			buildActionMask = 2147483647;
			files = (
			);
			inputFileListPaths = (
				"${PODS_ROOT}/Target Support Files/Pods-Teal Dream/Pods-Teal Dream-frameworks-${CONFIGURATION}-input-files.xcfilelist",
			);
			name = "[CP] Embed Pods Frameworks";
			outputFileListPaths = (
				"${PODS_ROOT}/Target Support Files/Pods-Teal Dream/Pods-Teal Dream-frameworks-${CONFIGURATION}-output-files.xcfilelist",
			);
			runOnlyForDeploymentPostprocessing = 0;
			shellPath = /bin/sh;
			shellScript = "\"${PODS_ROOT}/Target Support Files/Pods-Teal Dream/Pods-Teal Dream-frameworks.sh\"\n";
			showEnvVarsInLog = 0;
		};
		845CB770B0C669F4F0F26B62 /* [CP] Check Pods Manifest.lock */ = {
			isa = PBXShellScriptBuildPhase;
			buildActionMask = 2147483647;
			files = (
			);
			inputFileListPaths = (
			);
			inputPaths = (
				"${PODS_PODFILE_DIR_PATH}/Podfile.lock",
				"${PODS_ROOT}/Manifest.lock",
			);
			name = "[CP] Check Pods Manifest.lock";
			outputFileListPaths = (
			);
			outputPaths = (
				"$(DERIVED_FILE_DIR)/Pods-Teal Dream-checkManifestLockResult.txt",
			);
			runOnlyForDeploymentPostprocessing = 0;
			shellPath = /bin/sh;
			shellScript = "diff \"${PODS_PODFILE_DIR_PATH}/Podfile.lock\" \"${PODS_ROOT}/Manifest.lock\" > /dev/null\nif [ $? != 0 ] ; then\n    # print error to STDERR\n    echo \"error: The sandbox is not in sync with the Podfile.lock. Run 'pod install' or update your CocoaPods installation.\" >&2\n    exit 1\nfi\n# This output is used by Xcode 'outputs' to avoid re-running this script phase.\necho \"SUCCESS\" > \"${SCRIPT_OUTPUT_FILE_0}\"\n";
			showEnvVarsInLog = 0;
		};
/* End PBXShellScriptBuildPhase section */

/* Begin PBXSourcesBuildPhase section */
		B9DD995D258FAC8E004539E5 /* Sources */ = {
			isa = PBXSourcesBuildPhase;
			buildActionMask = 2147483647;
			files = (
				B9DD9982258FAD45004539E5 /* TealUser.swift in Sources */,
				B9DD9969258FAC8E004539E5 /* ViewController.swift in Sources */,
				B9DD998E258FB0F6004539E5 /* TealUserController.swift in Sources */,
				B9DD9965258FAC8E004539E5 /* AppDelegate.swift in Sources */,
				B9DD9967258FAC8E004539E5 /* SceneDelegate.swift in Sources */,
			);
			runOnlyForDeploymentPostprocessing = 0;
		};
/* End PBXSourcesBuildPhase section */

/* Begin PBXVariantGroup section */
		B9DD996A258FAC8E004539E5 /* Main.storyboard */ = {
			isa = PBXVariantGroup;
			children = (
				B9DD996B258FAC8E004539E5 /* Base */,
			);
			name = Main.storyboard;
			sourceTree = "<group>";
		};
		B9DD996F258FAC8F004539E5 /* LaunchScreen.storyboard */ = {
			isa = PBXVariantGroup;
			children = (
				B9DD9970258FAC8F004539E5 /* Base */,
			);
			name = LaunchScreen.storyboard;
			sourceTree = "<group>";
		};
/* End PBXVariantGroup section */

/* Begin XCBuildConfiguration section */
		B9DD9973258FAC8F004539E5 /* Debug */ = {
			isa = XCBuildConfiguration;
			buildSettings = {
				ALWAYS_SEARCH_USER_PATHS = NO;
				CLANG_ANALYZER_NONNULL = YES;
				CLANG_ANALYZER_NUMBER_OBJECT_CONVERSION = YES_AGGRESSIVE;
				CLANG_CXX_LANGUAGE_STANDARD = "gnu++14";
				CLANG_CXX_LIBRARY = "libc++";
				CLANG_ENABLE_MODULES = YES;
				CLANG_ENABLE_OBJC_ARC = YES;
				CLANG_ENABLE_OBJC_WEAK = YES;
				CLANG_WARN_BLOCK_CAPTURE_AUTORELEASING = YES;
				CLANG_WARN_BOOL_CONVERSION = YES;
				CLANG_WARN_COMMA = YES;
				CLANG_WARN_CONSTANT_CONVERSION = YES;
				CLANG_WARN_DEPRECATED_OBJC_IMPLEMENTATIONS = YES;
				CLANG_WARN_DIRECT_OBJC_ISA_USAGE = YES_ERROR;
				CLANG_WARN_DOCUMENTATION_COMMENTS = YES;
				CLANG_WARN_EMPTY_BODY = YES;
				CLANG_WARN_ENUM_CONVERSION = YES;
				CLANG_WARN_INFINITE_RECURSION = YES;
				CLANG_WARN_INT_CONVERSION = YES;
				CLANG_WARN_NON_LITERAL_NULL_CONVERSION = YES;
				CLANG_WARN_OBJC_IMPLICIT_RETAIN_SELF = YES;
				CLANG_WARN_OBJC_LITERAL_CONVERSION = YES;
				CLANG_WARN_OBJC_ROOT_CLASS = YES_ERROR;
				CLANG_WARN_QUOTED_INCLUDE_IN_FRAMEWORK_HEADER = YES;
				CLANG_WARN_RANGE_LOOP_ANALYSIS = YES;
				CLANG_WARN_STRICT_PROTOTYPES = YES;
				CLANG_WARN_SUSPICIOUS_MOVE = YES;
				CLANG_WARN_UNGUARDED_AVAILABILITY = YES_AGGRESSIVE;
				CLANG_WARN_UNREACHABLE_CODE = YES;
				CLANG_WARN__DUPLICATE_METHOD_MATCH = YES;
				COPY_PHASE_STRIP = NO;
				DEBUG_INFORMATION_FORMAT = dwarf;
				ENABLE_STRICT_OBJC_MSGSEND = YES;
				ENABLE_TESTABILITY = YES;
				GCC_C_LANGUAGE_STANDARD = gnu11;
				GCC_DYNAMIC_NO_PIC = NO;
				GCC_NO_COMMON_BLOCKS = YES;
				GCC_OPTIMIZATION_LEVEL = 0;
				GCC_PREPROCESSOR_DEFINITIONS = (
					"DEBUG=1",
					"$(inherited)",
				);
				GCC_WARN_64_TO_32_BIT_CONVERSION = YES;
				GCC_WARN_ABOUT_RETURN_TYPE = YES_ERROR;
				GCC_WARN_UNDECLARED_SELECTOR = YES;
				GCC_WARN_UNINITIALIZED_AUTOS = YES_AGGRESSIVE;
				GCC_WARN_UNUSED_FUNCTION = YES;
				GCC_WARN_UNUSED_VARIABLE = YES;
				IPHONEOS_DEPLOYMENT_TARGET = 14.1;
				MTL_ENABLE_DEBUG_INFO = INCLUDE_SOURCE;
				MTL_FAST_MATH = YES;
				ONLY_ACTIVE_ARCH = YES;
				SDKROOT = iphoneos;
				SWIFT_ACTIVE_COMPILATION_CONDITIONS = DEBUG;
				SWIFT_OPTIMIZATION_LEVEL = "-Onone";
			};
			name = Debug;
		};
		B9DD9974258FAC8F004539E5 /* Release */ = {
			isa = XCBuildConfiguration;
			buildSettings = {
				ALWAYS_SEARCH_USER_PATHS = NO;
				CLANG_ANALYZER_NONNULL = YES;
				CLANG_ANALYZER_NUMBER_OBJECT_CONVERSION = YES_AGGRESSIVE;
				CLANG_CXX_LANGUAGE_STANDARD = "gnu++14";
				CLANG_CXX_LIBRARY = "libc++";
				CLANG_ENABLE_MODULES = YES;
				CLANG_ENABLE_OBJC_ARC = YES;
				CLANG_ENABLE_OBJC_WEAK = YES;
				CLANG_WARN_BLOCK_CAPTURE_AUTORELEASING = YES;
				CLANG_WARN_BOOL_CONVERSION = YES;
				CLANG_WARN_COMMA = YES;
				CLANG_WARN_CONSTANT_CONVERSION = YES;
				CLANG_WARN_DEPRECATED_OBJC_IMPLEMENTATIONS = YES;
				CLANG_WARN_DIRECT_OBJC_ISA_USAGE = YES_ERROR;
				CLANG_WARN_DOCUMENTATION_COMMENTS = YES;
				CLANG_WARN_EMPTY_BODY = YES;
				CLANG_WARN_ENUM_CONVERSION = YES;
				CLANG_WARN_INFINITE_RECURSION = YES;
				CLANG_WARN_INT_CONVERSION = YES;
				CLANG_WARN_NON_LITERAL_NULL_CONVERSION = YES;
				CLANG_WARN_OBJC_IMPLICIT_RETAIN_SELF = YES;
				CLANG_WARN_OBJC_LITERAL_CONVERSION = YES;
				CLANG_WARN_OBJC_ROOT_CLASS = YES_ERROR;
				CLANG_WARN_QUOTED_INCLUDE_IN_FRAMEWORK_HEADER = YES;
				CLANG_WARN_RANGE_LOOP_ANALYSIS = YES;
				CLANG_WARN_STRICT_PROTOTYPES = YES;
				CLANG_WARN_SUSPICIOUS_MOVE = YES;
				CLANG_WARN_UNGUARDED_AVAILABILITY = YES_AGGRESSIVE;
				CLANG_WARN_UNREACHABLE_CODE = YES;
				CLANG_WARN__DUPLICATE_METHOD_MATCH = YES;
				COPY_PHASE_STRIP = NO;
				DEBUG_INFORMATION_FORMAT = "dwarf-with-dsym";
				ENABLE_NS_ASSERTIONS = NO;
				ENABLE_STRICT_OBJC_MSGSEND = YES;
				GCC_C_LANGUAGE_STANDARD = gnu11;
				GCC_NO_COMMON_BLOCKS = YES;
				GCC_WARN_64_TO_32_BIT_CONVERSION = YES;
				GCC_WARN_ABOUT_RETURN_TYPE = YES_ERROR;
				GCC_WARN_UNDECLARED_SELECTOR = YES;
				GCC_WARN_UNINITIALIZED_AUTOS = YES_AGGRESSIVE;
				GCC_WARN_UNUSED_FUNCTION = YES;
				GCC_WARN_UNUSED_VARIABLE = YES;
				IPHONEOS_DEPLOYMENT_TARGET = 14.1;
				MTL_ENABLE_DEBUG_INFO = NO;
				MTL_FAST_MATH = YES;
				SDKROOT = iphoneos;
				SWIFT_COMPILATION_MODE = wholemodule;
				SWIFT_OPTIMIZATION_LEVEL = "-O";
				VALIDATE_PRODUCT = YES;
			};
			name = Release;
		};
		B9DD9976258FAC8F004539E5 /* Debug */ = {
			isa = XCBuildConfiguration;
			baseConfigurationReference = 110EB55F0D33F60FA5C76245 /* Pods-Teal Dream.debug.xcconfig */;
			buildSettings = {
				ASSETCATALOG_COMPILER_APPICON_NAME = AppIcon;
				ASSETCATALOG_COMPILER_GLOBAL_ACCENT_COLOR_NAME = AccentColor;
				CODE_SIGN_STYLE = Automatic;
				DEVELOPMENT_TEAM = 34P4RF23ET;
				INFOPLIST_FILE = "Teal Dream/Application/Info.plist";
				LD_RUNPATH_SEARCH_PATHS = (
					"$(inherited)",
					"@executable_path/Frameworks",
				);
				PRODUCT_BUNDLE_IDENTIFIER = "com.DevGauge.Teal-Dream";
				PRODUCT_NAME = "$(TARGET_NAME)";
				SWIFT_VERSION = 5.0;
				TARGETED_DEVICE_FAMILY = "1,2";
			};
			name = Debug;
		};
		B9DD9977258FAC8F004539E5 /* Release */ = {
			isa = XCBuildConfiguration;
			baseConfigurationReference = 2B844A39C3CA4F4927D332DB /* Pods-Teal Dream.release.xcconfig */;
			buildSettings = {
				ASSETCATALOG_COMPILER_APPICON_NAME = AppIcon;
				ASSETCATALOG_COMPILER_GLOBAL_ACCENT_COLOR_NAME = AccentColor;
				CODE_SIGN_STYLE = Automatic;
				DEVELOPMENT_TEAM = 34P4RF23ET;
				INFOPLIST_FILE = "Teal Dream/Application/Info.plist";
				LD_RUNPATH_SEARCH_PATHS = (
					"$(inherited)",
					"@executable_path/Frameworks",
				);
				PRODUCT_BUNDLE_IDENTIFIER = "com.DevGauge.Teal-Dream";
				PRODUCT_NAME = "$(TARGET_NAME)";
				SWIFT_VERSION = 5.0;
				TARGETED_DEVICE_FAMILY = "1,2";
			};
			name = Release;
		};
/* End XCBuildConfiguration section */

/* Begin XCConfigurationList section */
		B9DD995C258FAC8E004539E5 /* Build configuration list for PBXProject "Teal Dream" */ = {
			isa = XCConfigurationList;
			buildConfigurations = (
				B9DD9973258FAC8F004539E5 /* Debug */,
				B9DD9974258FAC8F004539E5 /* Release */,
			);
			defaultConfigurationIsVisible = 0;
			defaultConfigurationName = Release;
		};
		B9DD9975258FAC8F004539E5 /* Build configuration list for PBXNativeTarget "Teal Dream" */ = {
			isa = XCConfigurationList;
			buildConfigurations = (
				B9DD9976258FAC8F004539E5 /* Debug */,
				B9DD9977258FAC8F004539E5 /* Release */,
			);
			defaultConfigurationIsVisible = 0;
			defaultConfigurationName = Release;
		};
/* End XCConfigurationList section */
	};
	rootObject = B9DD9959258FAC8E004539E5 /* Project object */;
}
